<?xml version="1.0" encoding="utf-8"?>
<Project ToolsVersion="4.0" xmlns="http://schemas.microsoft.com/developer/msbuild/2003">
  <ItemGroup>
    <ClCompile Include="TestProcess.cpp" />
    <ClCompile Include="mainTest.cpp" />
    <ClCompile Include="PhysXProcess.cpp" />
    <ClCompile Include="ParticleProcess.cpp" />
    <ClCompile Include="SoundTestProcess.cpp" />
    <ClCompile Include="IAProcess.cpp" />
    <ClCompile Include="EntityProcess.cpp" />
    <ClCompile Include="Biotest.cpp" />
  </ItemGroup>
  <ItemGroup>
    <Filter Include="Data">
      <UniqueIdentifier>{7588f414-7ba8-4c90-acf6-522a536d7926}</UniqueIdentifier>
    </Filter>
  </ItemGroup>
  <ItemGroup>
    <ClInclude Include="TestProcess.h" />
    <ClInclude Include="PhysXProcess.h" />
    <ClInclude Include="ParticleProcess.h" />
    <ClInclude Include="SoundTestProcess.h" />
    <ClInclude Include="IAProcess.h" />
    <ClInclude Include="EntityProcess.h" />
    <ClInclude Include="Biotest.h" />
  </ItemGroup>
  <ItemGroup>
    <None Include="..\..\..\Run\Data\XML\init_test.xml">
      <Filter>Data</Filter>
    </None>
    <None Include="..\..\..\Run\Data\XML\SceneEffects_Test.xml">
      <Filter>Data</Filter>
    </None>
    <None Include="..\..\..\Run\Data\XML\test.xml">
      <Filter>Data</Filter>
    </None>
    <None Include="..\..\..\Run\Data\XML\ScenneEffects_PhysX.xml">
      <Filter>Data</Filter>
    </None>
    <None Include="..\..\..\Run\Data\XML\actions_physx.xml">
      <Filter>Data</Filter>
    </None>
    <None Include="..\..\..\Run\Data\XML\init_test_particulas.xml">
      <Filter>Data</Filter>
    </None>
    <None Include="..\..\..\Run\Data\XML\init_test_ia.xml">
      <Filter>Data</Filter>
    </None>
    <None Include="..\..\..\Run\Data\XML\init_test_physx.xml">
      <Filter>Data</Filter>
    </None>
    <None Include="..\..\..\Run\Data\XML\init_test_entities.xml">
      <Filter>Data</Filter>
    </None>
    <None Include="..\..\..\Run\Data\Levels\NivellProves\XML\GameObjects.xml">
      <Filter>Data</Filter>
    </None>
    <None Include="..\..\..\Run\Data\Levels\NivellProves\XML\GameEntities.xml">
      <Filter>Data</Filter>
    </None>
    <None Include="..\..\..\Run\Data\XML\Particles.xml">
      <Filter>Data</Filter>
    </None>
    <None Include="..\..\..\Run\Data\XML\Explosions.xml">
      <Filter>Data</Filter>
    </None>
    <None Include="..\..\..\Run\Data\XML\SceneEffects_Viewer.xml">
      <Filter>Data</Filter>
    </None>
    <None Include="..\..\..\Run\Data\XML\Billboard.xml">
      <Filter>Data</Filter>
    </None>
    <None Include="..\..\..\Run\Data\XML\actions_entities.xml">
      <Filter>Data</Filter>
    </None>
  </ItemGroup>
</Project>