<?xml version="1.0" encoding="utf-8"?>
<Project ToolsVersion="4.0" xmlns="http://schemas.microsoft.com/developer/msbuild/2003">
  <ItemGroup>
    <ClCompile Include="main.cpp" />
    <ClCompile Include="Enemies\Camera.cpp">
      <Filter>Enemies</Filter>
    </ClCompile>
    <ClCompile Include="Enemies\EnemyInstance.cpp">
      <Filter>Enemies</Filter>
    </ClCompile>
    <ClCompile Include="Enemies\EnemyManager.cpp">
      <Filter>Enemies</Filter>
    </ClCompile>
    <ClCompile Include="Enemies\EnemyResource.cpp">
      <Filter>Enemies</Filter>
    </ClCompile>
    <ClCompile Include="Enemies\Patroller.cpp">
      <Filter>Enemies</Filter>
    </ClCompile>
    <ClCompile Include="Enemies\Sniper.cpp">
      <Filter>Enemies</Filter>
    </ClCompile>
    <ClCompile Include="Enemies\Turret.cpp">
      <Filter>Enemies</Filter>
    </ClCompile>
    <ClCompile Include="TestProcess.cpp" />
  </ItemGroup>
  <ItemGroup>
    <Filter Include="Enemies">
      <UniqueIdentifier>{ecbf3abb-75dd-47a6-80e0-e07c5b43a358}</UniqueIdentifier>
    </Filter>
  </ItemGroup>
  <ItemGroup>
    <ClInclude Include="Enemies\Camera.h">
      <Filter>Enemies</Filter>
    </ClInclude>
    <ClInclude Include="Enemies\EnemyInstance.h">
      <Filter>Enemies</Filter>
    </ClInclude>
    <ClInclude Include="Enemies\EnemyManager.h">
      <Filter>Enemies</Filter>
    </ClInclude>
    <ClInclude Include="Enemies\EnemyResource.h">
      <Filter>Enemies</Filter>
    </ClInclude>
    <ClInclude Include="Enemies\Patroller.h">
      <Filter>Enemies</Filter>
    </ClInclude>
    <ClInclude Include="Enemies\Sniper.h">
      <Filter>Enemies</Filter>
    </ClInclude>
    <ClInclude Include="Enemies\Turret.h">
      <Filter>Enemies</Filter>
    </ClInclude>
    <ClInclude Include="TestProcess.h" />
  </ItemGroup>
</Project>