
Microsoft Visual Studio Solution File, Format Version 11.00
# Visual Studio 2010
Project("{2150E333-8FDC-42A3-9474-1A3956D46DE8}") = "Engine", "Engine", "{EA475559-4AF7-4C9D-BDC4-00F9C6D827D2}"
EndProject
Project("{2150E333-8FDC-42A3-9474-1A3956D46DE8}") = "Game", "Game", "{4E3A7D0D-8EF6-4A8C-8CF7-C7D1D90F394E}"
EndProject
Project("{8BC9CEB8-8B4A-11D0-8D11-00A0C91BC942}") = "Base", "Engine\Base\Base.vcxproj", "{8CB87AD7-AC9D-47EB-8AE4-4736459460F5}"
	ProjectSection(ProjectDependencies) = postProject
		{061F6A1C-37D9-48EE-A413-ADC288963156} = {061F6A1C-37D9-48EE-A413-ADC288963156}
		{BDFD47BF-4408-41F1-80A7-C8457C55BA6E} = {BDFD47BF-4408-41F1-80A7-C8457C55BA6E}
	EndProjectSection
EndProject
Project("{8BC9CEB8-8B4A-11D0-8D11-00A0C91BC942}") = "Core", "Engine\Core\Core.vcxproj", "{754AE1B9-5360-4F43-A39B-25995E12D0CF}"
	ProjectSection(ProjectDependencies) = postProject
		{7FA95C05-77D8-4272-88A0-3CDAFF9EC397} = {7FA95C05-77D8-4272-88A0-3CDAFF9EC397}
		{E4A45B16-E638-41C5-B781-9E349775B8A4} = {E4A45B16-E638-41C5-B781-9E349775B8A4}
		{E9B33635-5A74-41BD-9AAD-26106305EB88} = {E9B33635-5A74-41BD-9AAD-26106305EB88}
		{DE42D370-C3DF-4D6F-B968-8DD86181EAB8} = {DE42D370-C3DF-4D6F-B968-8DD86181EAB8}
		{5A715072-8F89-4F21-B979-A4578D1CE1C4} = {5A715072-8F89-4F21-B979-A4578D1CE1C4}
		{BDFD47BF-4408-41F1-80A7-C8457C55BA6E} = {BDFD47BF-4408-41F1-80A7-C8457C55BA6E}
		{8CB87AD7-AC9D-47EB-8AE4-4736459460F5} = {8CB87AD7-AC9D-47EB-8AE4-4736459460F5}
		{8D5F16FB-DCC1-4FCC-8E2B-DA67AF868F12} = {8D5F16FB-DCC1-4FCC-8E2B-DA67AF868F12}
	EndProjectSection
EndProject
Project("{8BC9CEB8-8B4A-11D0-8D11-00A0C91BC942}") = "Graphics", "Engine\Graphics\Graphics.vcxproj", "{DE42D370-C3DF-4D6F-B968-8DD86181EAB8}"
	ProjectSection(ProjectDependencies) = postProject
		{BDFD47BF-4408-41F1-80A7-C8457C55BA6E} = {BDFD47BF-4408-41F1-80A7-C8457C55BA6E}
		{8CB87AD7-AC9D-47EB-8AE4-4736459460F5} = {8CB87AD7-AC9D-47EB-8AE4-4736459460F5}
	EndProjectSection
EndProject
Project("{8BC9CEB8-8B4A-11D0-8D11-00A0C91BC942}") = "GUI", "Engine\GUI\GUI.vcxproj", "{5A715072-8F89-4F21-B979-A4578D1CE1C4}"
	ProjectSection(ProjectDependencies) = postProject
		{8CB87AD7-AC9D-47EB-8AE4-4736459460F5} = {8CB87AD7-AC9D-47EB-8AE4-4736459460F5}
	EndProjectSection
EndProject
Project("{8BC9CEB8-8B4A-11D0-8D11-00A0C91BC942}") = "Network", "Engine\Network\Network.vcxproj", "{E9B33635-5A74-41BD-9AAD-26106305EB88}"
	ProjectSection(ProjectDependencies) = postProject
		{8CB87AD7-AC9D-47EB-8AE4-4736459460F5} = {8CB87AD7-AC9D-47EB-8AE4-4736459460F5}
	EndProjectSection
EndProject
Project("{8BC9CEB8-8B4A-11D0-8D11-00A0C91BC942}") = "PhysX", "Engine\PhysX\PhysX.vcxproj", "{8D5F16FB-DCC1-4FCC-8E2B-DA67AF868F12}"
	ProjectSection(ProjectDependencies) = postProject
		{8CB87AD7-AC9D-47EB-8AE4-4736459460F5} = {8CB87AD7-AC9D-47EB-8AE4-4736459460F5}
	EndProjectSection
EndProject
Project("{8BC9CEB8-8B4A-11D0-8D11-00A0C91BC942}") = "Sound", "Engine\Sound\Sound.vcxproj", "{7FA95C05-77D8-4272-88A0-3CDAFF9EC397}"
	ProjectSection(ProjectDependencies) = postProject
		{8CB87AD7-AC9D-47EB-8AE4-4736459460F5} = {8CB87AD7-AC9D-47EB-8AE4-4736459460F5}
	EndProjectSection
EndProject
Project("{8BC9CEB8-8B4A-11D0-8D11-00A0C91BC942}") = "Input", "Engine\Input\Input.vcxproj", "{E4A45B16-E638-41C5-B781-9E349775B8A4}"
EndProject
Project("{2150E333-8FDC-42A3-9474-1A3956D46DE8}") = "Tools", "Tools", "{551D0775-9167-4FDA-8CB9-44D70A853E62}"
EndProject
Project("{8BC9CEB8-8B4A-11D0-8D11-00A0C91BC942}") = "Viewer", "Tools\Viewer\Viewer.vcxproj", "{53AA6520-CC4F-48AE-B2D2-736F01BB6DDB}"
	ProjectSection(ProjectDependencies) = postProject
		{7FA95C05-77D8-4272-88A0-3CDAFF9EC397} = {7FA95C05-77D8-4272-88A0-3CDAFF9EC397}
		{E4A45B16-E638-41C5-B781-9E349775B8A4} = {E4A45B16-E638-41C5-B781-9E349775B8A4}
		{061F6A1C-37D9-48EE-A413-ADC288963156} = {061F6A1C-37D9-48EE-A413-ADC288963156}
		{E9B33635-5A74-41BD-9AAD-26106305EB88} = {E9B33635-5A74-41BD-9AAD-26106305EB88}
		{DE42D370-C3DF-4D6F-B968-8DD86181EAB8} = {DE42D370-C3DF-4D6F-B968-8DD86181EAB8}
		{5A715072-8F89-4F21-B979-A4578D1CE1C4} = {5A715072-8F89-4F21-B979-A4578D1CE1C4}
		{E70DC8A9-5744-4D1B-BF94-30E2076CFA05} = {E70DC8A9-5744-4D1B-BF94-30E2076CFA05}
		{EF2516B1-6A12-43F1-9EA1-9995A26C1D9B} = {EF2516B1-6A12-43F1-9EA1-9995A26C1D9B}
		{754AE1B9-5360-4F43-A39B-25995E12D0CF} = {754AE1B9-5360-4F43-A39B-25995E12D0CF}
		{BDFD47BF-4408-41F1-80A7-C8457C55BA6E} = {BDFD47BF-4408-41F1-80A7-C8457C55BA6E}
		{8CB87AD7-AC9D-47EB-8AE4-4736459460F5} = {8CB87AD7-AC9D-47EB-8AE4-4736459460F5}
		{BF7047DC-5AAE-485B-AB12-E8A4F57CA49B} = {BF7047DC-5AAE-485B-AB12-E8A4F57CA49B}
		{8D5F16FB-DCC1-4FCC-8E2B-DA67AF868F12} = {8D5F16FB-DCC1-4FCC-8E2B-DA67AF868F12}
	EndProjectSection
EndProject
Project("{8BC9CEB8-8B4A-11D0-8D11-00A0C91BC942}") = "Test", "Tools\Test\Test.vcxproj", "{52606329-0594-4B34-879A-B11B8787A7F1}"
	ProjectSection(ProjectDependencies) = postProject
		{7FA95C05-77D8-4272-88A0-3CDAFF9EC397} = {7FA95C05-77D8-4272-88A0-3CDAFF9EC397}
		{E4A45B16-E638-41C5-B781-9E349775B8A4} = {E4A45B16-E638-41C5-B781-9E349775B8A4}
		{061F6A1C-37D9-48EE-A413-ADC288963156} = {061F6A1C-37D9-48EE-A413-ADC288963156}
		{E9B33635-5A74-41BD-9AAD-26106305EB88} = {E9B33635-5A74-41BD-9AAD-26106305EB88}
		{DE42D370-C3DF-4D6F-B968-8DD86181EAB8} = {DE42D370-C3DF-4D6F-B968-8DD86181EAB8}
		{5A715072-8F89-4F21-B979-A4578D1CE1C4} = {5A715072-8F89-4F21-B979-A4578D1CE1C4}
		{E70DC8A9-5744-4D1B-BF94-30E2076CFA05} = {E70DC8A9-5744-4D1B-BF94-30E2076CFA05}
		{EF2516B1-6A12-43F1-9EA1-9995A26C1D9B} = {EF2516B1-6A12-43F1-9EA1-9995A26C1D9B}
		{754AE1B9-5360-4F43-A39B-25995E12D0CF} = {754AE1B9-5360-4F43-A39B-25995E12D0CF}
		{BDFD47BF-4408-41F1-80A7-C8457C55BA6E} = {BDFD47BF-4408-41F1-80A7-C8457C55BA6E}
		{8CB87AD7-AC9D-47EB-8AE4-4736459460F5} = {8CB87AD7-AC9D-47EB-8AE4-4736459460F5}
		{BF7047DC-5AAE-485B-AB12-E8A4F57CA49B} = {BF7047DC-5AAE-485B-AB12-E8A4F57CA49B}
		{8D5F16FB-DCC1-4FCC-8E2B-DA67AF868F12} = {8D5F16FB-DCC1-4FCC-8E2B-DA67AF868F12}
	EndProjectSection
EndProject
Project("{2150E333-8FDC-42A3-9474-1A3956D46DE8}") = "3rd Party", "3rd Party", "{47474722-AC22-4C39-B293-33441C21B827}"
EndProject
Project("{8BC9CEB8-8B4A-11D0-8D11-00A0C91BC942}") = "cal3d", "3rdParty\cal3d-0.11rc2\src\cal3d\cal3d.vcxproj", "{BDFD47BF-4408-41F1-80A7-C8457C55BA6E}"
EndProject
Project("{8BC9CEB8-8B4A-11D0-8D11-00A0C91BC942}") = "Lua", "3rdParty\lua-5.1.4\Lua\Lua.vcxproj", "{061F6A1C-37D9-48EE-A413-ADC288963156}"
EndProject
Project("{8BC9CEB8-8B4A-11D0-8D11-00A0C91BC942}") = "LuaBind", "3rdParty\luabind-0.9.1\luabind\LuaBind.vcxproj", "{BF7047DC-5AAE-485B-AB12-E8A4F57CA49B}"
EndProject
Project("{8BC9CEB8-8B4A-11D0-8D11-00A0C91BC942}") = "IA", "Game\IA\IA.vcxproj", "{EF2516B1-6A12-43F1-9EA1-9995A26C1D9B}"
EndProject
Project("{8BC9CEB8-8B4A-11D0-8D11-00A0C91BC942}") = "BioGame", "Game\BioGame\Videogame.vcxproj", "{34FE75F9-0FB8-4820-8FDF-3C7A2F77F60A}"
	ProjectSection(ProjectDependencies) = postProject
		{7FA95C05-77D8-4272-88A0-3CDAFF9EC397} = {7FA95C05-77D8-4272-88A0-3CDAFF9EC397}
		{E4A45B16-E638-41C5-B781-9E349775B8A4} = {E4A45B16-E638-41C5-B781-9E349775B8A4}
		{061F6A1C-37D9-48EE-A413-ADC288963156} = {061F6A1C-37D9-48EE-A413-ADC288963156}
		{E9B33635-5A74-41BD-9AAD-26106305EB88} = {E9B33635-5A74-41BD-9AAD-26106305EB88}
		{DE42D370-C3DF-4D6F-B968-8DD86181EAB8} = {DE42D370-C3DF-4D6F-B968-8DD86181EAB8}
		{5A715072-8F89-4F21-B979-A4578D1CE1C4} = {5A715072-8F89-4F21-B979-A4578D1CE1C4}
		{E70DC8A9-5744-4D1B-BF94-30E2076CFA05} = {E70DC8A9-5744-4D1B-BF94-30E2076CFA05}
		{EF2516B1-6A12-43F1-9EA1-9995A26C1D9B} = {EF2516B1-6A12-43F1-9EA1-9995A26C1D9B}
		{754AE1B9-5360-4F43-A39B-25995E12D0CF} = {754AE1B9-5360-4F43-A39B-25995E12D0CF}
		{BDFD47BF-4408-41F1-80A7-C8457C55BA6E} = {BDFD47BF-4408-41F1-80A7-C8457C55BA6E}
		{8CB87AD7-AC9D-47EB-8AE4-4736459460F5} = {8CB87AD7-AC9D-47EB-8AE4-4736459460F5}
		{BF7047DC-5AAE-485B-AB12-E8A4F57CA49B} = {BF7047DC-5AAE-485B-AB12-E8A4F57CA49B}
		{8D5F16FB-DCC1-4FCC-8E2B-DA67AF868F12} = {8D5F16FB-DCC1-4FCC-8E2B-DA67AF868F12}
	EndProjectSection
EndProject
Project("{8BC9CEB8-8B4A-11D0-8D11-00A0C91BC942}") = "Utilities", "Engine\Utilities\Utilities.vcxproj", "{E70DC8A9-5744-4D1B-BF94-30E2076CFA05}"
EndProject
Global
	GlobalSection(SolutionConfigurationPlatforms) = preSolution
		Debug|Win32 = Debug|Win32
		Release|Win32 = Release|Win32
		Template|Win32 = Template|Win32
	EndGlobalSection
	GlobalSection(ProjectConfigurationPlatforms) = postSolution
		{8CB87AD7-AC9D-47EB-8AE4-4736459460F5}.Debug|Win32.ActiveCfg = Debug|Win32
		{8CB87AD7-AC9D-47EB-8AE4-4736459460F5}.Debug|Win32.Build.0 = Debug|Win32
		{8CB87AD7-AC9D-47EB-8AE4-4736459460F5}.Release|Win32.ActiveCfg = Release|Win32
		{8CB87AD7-AC9D-47EB-8AE4-4736459460F5}.Release|Win32.Build.0 = Release|Win32
		{8CB87AD7-AC9D-47EB-8AE4-4736459460F5}.Template|Win32.ActiveCfg = Release|Win32
		{8CB87AD7-AC9D-47EB-8AE4-4736459460F5}.Template|Win32.Build.0 = Release|Win32
		{754AE1B9-5360-4F43-A39B-25995E12D0CF}.Debug|Win32.ActiveCfg = Debug|Win32
		{754AE1B9-5360-4F43-A39B-25995E12D0CF}.Debug|Win32.Build.0 = Debug|Win32
		{754AE1B9-5360-4F43-A39B-25995E12D0CF}.Release|Win32.ActiveCfg = Release|Win32
		{754AE1B9-5360-4F43-A39B-25995E12D0CF}.Release|Win32.Build.0 = Release|Win32
		{754AE1B9-5360-4F43-A39B-25995E12D0CF}.Template|Win32.ActiveCfg = Release|Win32
		{754AE1B9-5360-4F43-A39B-25995E12D0CF}.Template|Win32.Build.0 = Release|Win32
		{DE42D370-C3DF-4D6F-B968-8DD86181EAB8}.Debug|Win32.ActiveCfg = Debug|Win32
		{DE42D370-C3DF-4D6F-B968-8DD86181EAB8}.Debug|Win32.Build.0 = Debug|Win32
		{DE42D370-C3DF-4D6F-B968-8DD86181EAB8}.Release|Win32.ActiveCfg = Release|Win32
		{DE42D370-C3DF-4D6F-B968-8DD86181EAB8}.Release|Win32.Build.0 = Release|Win32
		{DE42D370-C3DF-4D6F-B968-8DD86181EAB8}.Template|Win32.ActiveCfg = Release|Win32
		{DE42D370-C3DF-4D6F-B968-8DD86181EAB8}.Template|Win32.Build.0 = Release|Win32
		{5A715072-8F89-4F21-B979-A4578D1CE1C4}.Debug|Win32.ActiveCfg = Debug|Win32
		{5A715072-8F89-4F21-B979-A4578D1CE1C4}.Debug|Win32.Build.0 = Debug|Win32
		{5A715072-8F89-4F21-B979-A4578D1CE1C4}.Release|Win32.ActiveCfg = Release|Win32
		{5A715072-8F89-4F21-B979-A4578D1CE1C4}.Release|Win32.Build.0 = Release|Win32
		{5A715072-8F89-4F21-B979-A4578D1CE1C4}.Template|Win32.ActiveCfg = Release|Win32
		{5A715072-8F89-4F21-B979-A4578D1CE1C4}.Template|Win32.Build.0 = Release|Win32
		{E9B33635-5A74-41BD-9AAD-26106305EB88}.Debug|Win32.ActiveCfg = Debug|Win32
		{E9B33635-5A74-41BD-9AAD-26106305EB88}.Debug|Win32.Build.0 = Debug|Win32
		{E9B33635-5A74-41BD-9AAD-26106305EB88}.Release|Win32.ActiveCfg = Release|Win32
		{E9B33635-5A74-41BD-9AAD-26106305EB88}.Release|Win32.Build.0 = Release|Win32
		{E9B33635-5A74-41BD-9AAD-26106305EB88}.Template|Win32.ActiveCfg = Release|Win32
		{E9B33635-5A74-41BD-9AAD-26106305EB88}.Template|Win32.Build.0 = Release|Win32
		{8D5F16FB-DCC1-4FCC-8E2B-DA67AF868F12}.Debug|Win32.ActiveCfg = Debug|Win32
		{8D5F16FB-DCC1-4FCC-8E2B-DA67AF868F12}.Debug|Win32.Build.0 = Debug|Win32
		{8D5F16FB-DCC1-4FCC-8E2B-DA67AF868F12}.Release|Win32.ActiveCfg = Release|Win32
		{8D5F16FB-DCC1-4FCC-8E2B-DA67AF868F12}.Release|Win32.Build.0 = Release|Win32
		{8D5F16FB-DCC1-4FCC-8E2B-DA67AF868F12}.Template|Win32.ActiveCfg = Release|Win32
		{8D5F16FB-DCC1-4FCC-8E2B-DA67AF868F12}.Template|Win32.Build.0 = Release|Win32
		{7FA95C05-77D8-4272-88A0-3CDAFF9EC397}.Debug|Win32.ActiveCfg = Debug|Win32
		{7FA95C05-77D8-4272-88A0-3CDAFF9EC397}.Debug|Win32.Build.0 = Debug|Win32
		{7FA95C05-77D8-4272-88A0-3CDAFF9EC397}.Release|Win32.ActiveCfg = Release|Win32
		{7FA95C05-77D8-4272-88A0-3CDAFF9EC397}.Release|Win32.Build.0 = Release|Win32
		{7FA95C05-77D8-4272-88A0-3CDAFF9EC397}.Template|Win32.ActiveCfg = Release|Win32
		{7FA95C05-77D8-4272-88A0-3CDAFF9EC397}.Template|Win32.Build.0 = Release|Win32
		{E4A45B16-E638-41C5-B781-9E349775B8A4}.Debug|Win32.ActiveCfg = Debug|Win32
		{E4A45B16-E638-41C5-B781-9E349775B8A4}.Debug|Win32.Build.0 = Debug|Win32
		{E4A45B16-E638-41C5-B781-9E349775B8A4}.Release|Win32.ActiveCfg = Release|Win32
		{E4A45B16-E638-41C5-B781-9E349775B8A4}.Release|Win32.Build.0 = Release|Win32
		{E4A45B16-E638-41C5-B781-9E349775B8A4}.Template|Win32.ActiveCfg = Release|Win32
		{E4A45B16-E638-41C5-B781-9E349775B8A4}.Template|Win32.Build.0 = Release|Win32
		{53AA6520-CC4F-48AE-B2D2-736F01BB6DDB}.Debug|Win32.ActiveCfg = Debug|Win32
		{53AA6520-CC4F-48AE-B2D2-736F01BB6DDB}.Debug|Win32.Build.0 = Debug|Win32
		{53AA6520-CC4F-48AE-B2D2-736F01BB6DDB}.Release|Win32.ActiveCfg = Release|Win32
		{53AA6520-CC4F-48AE-B2D2-736F01BB6DDB}.Release|Win32.Build.0 = Release|Win32
		{53AA6520-CC4F-48AE-B2D2-736F01BB6DDB}.Template|Win32.ActiveCfg = Release|Win32
		{53AA6520-CC4F-48AE-B2D2-736F01BB6DDB}.Template|Win32.Build.0 = Release|Win32
		{52606329-0594-4B34-879A-B11B8787A7F1}.Debug|Win32.ActiveCfg = Debug|Win32
		{52606329-0594-4B34-879A-B11B8787A7F1}.Debug|Win32.Build.0 = Debug|Win32
		{52606329-0594-4B34-879A-B11B8787A7F1}.Release|Win32.ActiveCfg = Release|Win32
		{52606329-0594-4B34-879A-B11B8787A7F1}.Release|Win32.Build.0 = Release|Win32
		{52606329-0594-4B34-879A-B11B8787A7F1}.Template|Win32.ActiveCfg = Release|Win32
		{52606329-0594-4B34-879A-B11B8787A7F1}.Template|Win32.Build.0 = Release|Win32
		{BDFD47BF-4408-41F1-80A7-C8457C55BA6E}.Debug|Win32.ActiveCfg = Debug|Win32
		{BDFD47BF-4408-41F1-80A7-C8457C55BA6E}.Debug|Win32.Build.0 = Debug|Win32
		{BDFD47BF-4408-41F1-80A7-C8457C55BA6E}.Release|Win32.ActiveCfg = Release|Win32
		{BDFD47BF-4408-41F1-80A7-C8457C55BA6E}.Release|Win32.Build.0 = Release|Win32
		{BDFD47BF-4408-41F1-80A7-C8457C55BA6E}.Template|Win32.ActiveCfg = Release|Win32
		{BDFD47BF-4408-41F1-80A7-C8457C55BA6E}.Template|Win32.Build.0 = Release|Win32
		{061F6A1C-37D9-48EE-A413-ADC288963156}.Debug|Win32.ActiveCfg = Debug|Win32
		{061F6A1C-37D9-48EE-A413-ADC288963156}.Debug|Win32.Build.0 = Debug|Win32
		{061F6A1C-37D9-48EE-A413-ADC288963156}.Release|Win32.ActiveCfg = Release|Win32
		{061F6A1C-37D9-48EE-A413-ADC288963156}.Release|Win32.Build.0 = Release|Win32
		{061F6A1C-37D9-48EE-A413-ADC288963156}.Template|Win32.ActiveCfg = Release|Win32
		{061F6A1C-37D9-48EE-A413-ADC288963156}.Template|Win32.Build.0 = Release|Win32
		{BF7047DC-5AAE-485B-AB12-E8A4F57CA49B}.Debug|Win32.ActiveCfg = Debug|Win32
		{BF7047DC-5AAE-485B-AB12-E8A4F57CA49B}.Debug|Win32.Build.0 = Debug|Win32
		{BF7047DC-5AAE-485B-AB12-E8A4F57CA49B}.Release|Win32.ActiveCfg = Release|Win32
		{BF7047DC-5AAE-485B-AB12-E8A4F57CA49B}.Release|Win32.Build.0 = Release|Win32
		{BF7047DC-5AAE-485B-AB12-E8A4F57CA49B}.Template|Win32.ActiveCfg = Release|Win32
		{BF7047DC-5AAE-485B-AB12-E8A4F57CA49B}.Template|Win32.Build.0 = Release|Win32
		{EF2516B1-6A12-43F1-9EA1-9995A26C1D9B}.Debug|Win32.ActiveCfg = Debug|Win32
		{EF2516B1-6A12-43F1-9EA1-9995A26C1D9B}.Debug|Win32.Build.0 = Debug|Win32
		{EF2516B1-6A12-43F1-9EA1-9995A26C1D9B}.Release|Win32.ActiveCfg = Release|Win32
		{EF2516B1-6A12-43F1-9EA1-9995A26C1D9B}.Release|Win32.Build.0 = Release|Win32
		{EF2516B1-6A12-43F1-9EA1-9995A26C1D9B}.Template|Win32.ActiveCfg = Release|Win32
		{EF2516B1-6A12-43F1-9EA1-9995A26C1D9B}.Template|Win32.Build.0 = Release|Win32
		{34FE75F9-0FB8-4820-8FDF-3C7A2F77F60A}.Debug|Win32.ActiveCfg = Debug|Win32
		{34FE75F9-0FB8-4820-8FDF-3C7A2F77F60A}.Debug|Win32.Build.0 = Debug|Win32
		{34FE75F9-0FB8-4820-8FDF-3C7A2F77F60A}.Release|Win32.ActiveCfg = Release|Win32
		{34FE75F9-0FB8-4820-8FDF-3C7A2F77F60A}.Release|Win32.Build.0 = Release|Win32
		{34FE75F9-0FB8-4820-8FDF-3C7A2F77F60A}.Template|Win32.ActiveCfg = Release|Win32
		{34FE75F9-0FB8-4820-8FDF-3C7A2F77F60A}.Template|Win32.Build.0 = Release|Win32
		{E70DC8A9-5744-4D1B-BF94-30E2076CFA05}.Debug|Win32.ActiveCfg = Debug|Win32
		{E70DC8A9-5744-4D1B-BF94-30E2076CFA05}.Debug|Win32.Build.0 = Debug|Win32
		{E70DC8A9-5744-4D1B-BF94-30E2076CFA05}.Release|Win32.ActiveCfg = Release|Win32
		{E70DC8A9-5744-4D1B-BF94-30E2076CFA05}.Release|Win32.Build.0 = Release|Win32
		{E70DC8A9-5744-4D1B-BF94-30E2076CFA05}.Template|Win32.ActiveCfg = Release|Win32
		{E70DC8A9-5744-4D1B-BF94-30E2076CFA05}.Template|Win32.Build.0 = Release|Win32
	EndGlobalSection
	GlobalSection(SolutionProperties) = preSolution
		HideSolutionNode = FALSE
	EndGlobalSection
	GlobalSection(NestedProjects) = preSolution
		{8CB87AD7-AC9D-47EB-8AE4-4736459460F5} = {EA475559-4AF7-4C9D-BDC4-00F9C6D827D2}
		{754AE1B9-5360-4F43-A39B-25995E12D0CF} = {EA475559-4AF7-4C9D-BDC4-00F9C6D827D2}
		{DE42D370-C3DF-4D6F-B968-8DD86181EAB8} = {EA475559-4AF7-4C9D-BDC4-00F9C6D827D2}
		{5A715072-8F89-4F21-B979-A4578D1CE1C4} = {EA475559-4AF7-4C9D-BDC4-00F9C6D827D2}
		{E9B33635-5A74-41BD-9AAD-26106305EB88} = {EA475559-4AF7-4C9D-BDC4-00F9C6D827D2}
		{8D5F16FB-DCC1-4FCC-8E2B-DA67AF868F12} = {EA475559-4AF7-4C9D-BDC4-00F9C6D827D2}
		{7FA95C05-77D8-4272-88A0-3CDAFF9EC397} = {EA475559-4AF7-4C9D-BDC4-00F9C6D827D2}
		{E4A45B16-E638-41C5-B781-9E349775B8A4} = {EA475559-4AF7-4C9D-BDC4-00F9C6D827D2}
		{E70DC8A9-5744-4D1B-BF94-30E2076CFA05} = {EA475559-4AF7-4C9D-BDC4-00F9C6D827D2}
		{EF2516B1-6A12-43F1-9EA1-9995A26C1D9B} = {4E3A7D0D-8EF6-4A8C-8CF7-C7D1D90F394E}
		{34FE75F9-0FB8-4820-8FDF-3C7A2F77F60A} = {4E3A7D0D-8EF6-4A8C-8CF7-C7D1D90F394E}
		{53AA6520-CC4F-48AE-B2D2-736F01BB6DDB} = {551D0775-9167-4FDA-8CB9-44D70A853E62}
		{52606329-0594-4B34-879A-B11B8787A7F1} = {551D0775-9167-4FDA-8CB9-44D70A853E62}
		{BDFD47BF-4408-41F1-80A7-C8457C55BA6E} = {47474722-AC22-4C39-B293-33441C21B827}
		{061F6A1C-37D9-48EE-A413-ADC288963156} = {47474722-AC22-4C39-B293-33441C21B827}
		{BF7047DC-5AAE-485B-AB12-E8A4F57CA49B} = {47474722-AC22-4C39-B293-33441C21B827}
	EndGlobalSection
EndGlobal
