<?xml version="1.0" encoding="utf-8"?>
<Project ToolsVersion="4.0" xmlns="http://schemas.microsoft.com/developer/msbuild/2003">
  <ItemGroup>
    <None Include="ReadMe.txt" />
  </ItemGroup>
  <ItemGroup>
    <Filter Include="InputManager">
      <UniqueIdentifier>{7911a0af-57ce-48ad-b175-d2ab880cfd03}</UniqueIdentifier>
    </Filter>
    <Filter Include="Devices">
      <UniqueIdentifier>{e8ca9c5c-12cd-4fb8-9659-86353466bbce}</UniqueIdentifier>
    </Filter>
    <Filter Include="ActionManager">
      <UniqueIdentifier>{3f86c5dc-3c97-4a34-b98c-5a759779f7df}</UniqueIdentifier>
    </Filter>
  </ItemGroup>
  <ItemGroup>
    <ClCompile Include="InputManager.cpp">
      <Filter>InputManager</Filter>
    </ClCompile>
    <ClCompile Include="Mouse.cpp">
      <Filter>Devices</Filter>
    </ClCompile>
    <ClCompile Include="GamePad.cpp">
      <Filter>Devices</Filter>
    </ClCompile>
    <ClCompile Include="InputDevice.cpp">
      <Filter>Devices</Filter>
    </ClCompile>
    <ClCompile Include="Keyboard.cpp">
      <Filter>Devices</Filter>
    </ClCompile>
    <ClCompile Include="ActionManager.cpp">
      <Filter>ActionManager</Filter>
    </ClCompile>
    <ClCompile Include="InputAction.cpp">
      <Filter>ActionManager</Filter>
    </ClCompile>
    <ClCompile Include="InputTrigger.cpp">
      <Filter>ActionManager</Filter>
    </ClCompile>
  </ItemGroup>
  <ItemGroup>
    <ClInclude Include="include\InputManager.h">
      <Filter>InputManager</Filter>
    </ClInclude>
    <ClInclude Include="include\Mouse.h">
      <Filter>Devices</Filter>
    </ClInclude>
    <ClInclude Include="include\GamePad.h">
      <Filter>Devices</Filter>
    </ClInclude>
    <ClInclude Include="include\InputDevice.h">
      <Filter>Devices</Filter>
    </ClInclude>
    <ClInclude Include="include\Keyboard.h">
      <Filter>Devices</Filter>
    </ClInclude>
    <ClInclude Include="include\InputDefs.h">
      <Filter>Devices</Filter>
    </ClInclude>
    <ClInclude Include="include\ActionManager.h">
      <Filter>ActionManager</Filter>
    </ClInclude>
    <ClInclude Include="include\InputAction.h">
      <Filter>ActionManager</Filter>
    </ClInclude>
    <ClInclude Include="include\InputTrigger.h">
      <Filter>ActionManager</Filter>
    </ClInclude>
  </ItemGroup>
</Project>