<?xml version="1.0" encoding="utf-8"?>
<Project ToolsVersion="4.0" xmlns="http://schemas.microsoft.com/developer/msbuild/2003">
  <ItemGroup>
    <Filter Include="RenderManager">
      <UniqueIdentifier>{615848bf-0cbe-47d7-a219-7f941ea3c4ec}</UniqueIdentifier>
    </Filter>
    <Filter Include="FontManager">
      <UniqueIdentifier>{cebecdda-b9fc-4c4c-a8fe-2998b8af51e5}</UniqueIdentifier>
    </Filter>
  </ItemGroup>
  <ItemGroup>
    <None Include="ReadMe.txt" />
  </ItemGroup>
  <ItemGroup>
    <ClCompile Include="RenderManager.cpp">
      <Filter>RenderManager</Filter>
    </ClCompile>
    <ClCompile Include="FontManager.cpp">
      <Filter>FontManager</Filter>
    </ClCompile>
  </ItemGroup>
  <ItemGroup>
    <ClInclude Include="include\RenderManager.h">
      <Filter>RenderManager</Filter>
    </ClInclude>
    <ClInclude Include="include\FontManager.h">
      <Filter>FontManager</Filter>
    </ClInclude>
  </ItemGroup>
</Project>