<?xml version="1.0" encoding="utf-8"?>
<Project ToolsVersion="4.0" xmlns="http://schemas.microsoft.com/developer/msbuild/2003">
  <ItemGroup>
    <Filter Include="Core">
      <UniqueIdentifier>{4d400fdc-6fb8-42fa-8018-79be9cb260c1}</UniqueIdentifier>
    </Filter>
    <Filter Include="Process">
      <UniqueIdentifier>{5d822190-aa49-4af1-a5f0-7b978cd5c116}</UniqueIdentifier>
    </Filter>
    <Filter Include="Engine">
      <UniqueIdentifier>{2eb45707-28e2-440a-be8c-5c9b27a9b125}</UniqueIdentifier>
    </Filter>
    <Filter Include="Params">
      <UniqueIdentifier>{564e9ceb-cb7f-4553-9bd7-4200cec4771d}</UniqueIdentifier>
    </Filter>
    <Filter Include="Scripting">
      <UniqueIdentifier>{048ec5a4-9fdd-4e38-ba46-8d6ee783f912}</UniqueIdentifier>
    </Filter>
    <Filter Include="LogRender">
      <UniqueIdentifier>{254d7347-6db2-4348-8286-cb76d4458b49}</UniqueIdentifier>
    </Filter>
  </ItemGroup>
  <ItemGroup>
    <None Include="ReadMe.txt" />
  </ItemGroup>
  <ItemGroup>
    <ClCompile Include="Core.cpp">
      <Filter>Core</Filter>
    </ClCompile>
    <ClCompile Include="Engine.cpp">
      <Filter>Engine</Filter>
    </ClCompile>
    <ClCompile Include="Process.cpp">
      <Filter>Process</Filter>
    </ClCompile>
    <ClCompile Include="params.cpp">
      <Filter>Params</Filter>
    </ClCompile>
    <ClCompile Include="ScriptManager.cpp">
      <Filter>Scripting</Filter>
    </ClCompile>
    <ClCompile Include="LogRender.cpp">
      <Filter>LogRender</Filter>
    </ClCompile>
  </ItemGroup>
  <ItemGroup>
    <ClInclude Include="include\Core.h">
      <Filter>Core</Filter>
    </ClInclude>
    <ClInclude Include="include\Process.h">
      <Filter>Process</Filter>
    </ClInclude>
    <ClInclude Include="include\Engine.h">
      <Filter>Engine</Filter>
    </ClInclude>
    <ClInclude Include="include\params.h">
      <Filter>Params</Filter>
    </ClInclude>
    <ClInclude Include="include\ScriptManager.h">
      <Filter>Scripting</Filter>
    </ClInclude>
    <ClInclude Include="include\LogRender.h">
      <Filter>LogRender</Filter>
    </ClInclude>
  </ItemGroup>
</Project>