<?xml version="1.0" encoding="utf-8"?>
<Project ToolsVersion="4.0" xmlns="http://schemas.microsoft.com/developer/msbuild/2003">
  <ItemGroup>
    <Filter Include="Core">
      <UniqueIdentifier>{4d400fdc-6fb8-42fa-8018-79be9cb260c1}</UniqueIdentifier>
    </Filter>
    <Filter Include="Process">
      <UniqueIdentifier>{5d822190-aa49-4af1-a5f0-7b978cd5c116}</UniqueIdentifier>
    </Filter>
    <Filter Include="Engine">
      <UniqueIdentifier>{2eb45707-28e2-440a-be8c-5c9b27a9b125}</UniqueIdentifier>
    </Filter>
  </ItemGroup>
  <ItemGroup>
    <None Include="ReadMe.txt" />
  </ItemGroup>
  <ItemGroup>
    <ClCompile Include="Core.cpp">
      <Filter>Core</Filter>
    </ClCompile>
    <ClCompile Include="Engine.cpp">
      <Filter>Engine</Filter>
    </ClCompile>
  </ItemGroup>
  <ItemGroup>
    <ClInclude Include="include\Core.h">
      <Filter>Core</Filter>
    </ClInclude>
    <ClInclude Include="include\Process.h">
      <Filter>Process</Filter>
    </ClInclude>
    <ClInclude Include="include\Engine.h">
      <Filter>Engine</Filter>
    </ClInclude>
  </ItemGroup>
</Project>