<?xml version="1.0" encoding="utf-8"?>
<Project ToolsVersion="4.0" xmlns="http://schemas.microsoft.com/developer/msbuild/2003">
  <ItemGroup>
    <Filter Include="GameObject">
      <UniqueIdentifier>{ee37027d-224a-4da1-90f1-7d6183deccc3}</UniqueIdentifier>
    </Filter>
    <Filter Include="ScriptedStateMachine">
      <UniqueIdentifier>{dce18fb9-8713-45a7-9ed8-7aa372441619}</UniqueIdentifier>
    </Filter>
    <Filter Include="EntitySystem">
      <UniqueIdentifier>{31371ca7-252d-4b80-82a7-15e00a685721}</UniqueIdentifier>
    </Filter>
    <Filter Include="Grafs">
      <UniqueIdentifier>{c652030f-faa7-46f0-a5ee-142c49841b03}</UniqueIdentifier>
    </Filter>
    <Filter Include="A%2a">
      <UniqueIdentifier>{25923e21-a69a-435b-b8ae-8a286d9042d2}</UniqueIdentifier>
    </Filter>
    <Filter Include="EntitySystem\Components">
      <UniqueIdentifier>{7edf2a8a-3fb3-4167-8ebb-c0648f680b8c}</UniqueIdentifier>
    </Filter>
    <Filter Include="EntitySystem\Components\Component3rdPSCamera">
      <UniqueIdentifier>{4c659c11-6c6c-4331-b80a-6989d147dce1}</UniqueIdentifier>
    </Filter>
    <Filter Include="EntitySystem\Components\ComponentObject3D">
      <UniqueIdentifier>{70bb2498-4de9-48c7-8ade-33dc159a33fd}</UniqueIdentifier>
    </Filter>
    <Filter Include="EntitySystem\Components\ComponentPhysXController">
      <UniqueIdentifier>{48735945-4a40-47e9-b996-1336c150102f}</UniqueIdentifier>
    </Filter>
    <Filter Include="EntitySystem\Components\ComponentPlayerController">
      <UniqueIdentifier>{42f1b943-eb42-4882-a91b-88e6e156a311}</UniqueIdentifier>
    </Filter>
    <Filter Include="EntitySystem\EntityManager">
      <UniqueIdentifier>{39da934c-176c-443b-8956-5ba463ad5e16}</UniqueIdentifier>
    </Filter>
    <Filter Include="EntitySystem\Components\ComponentPhysXBox">
      <UniqueIdentifier>{a9c09e6a-5b85-4558-92fb-c38a3c5567dc}</UniqueIdentifier>
    </Filter>
    <Filter Include="EntitySystem\Components\ComponentMovement">
      <UniqueIdentifier>{32195c11-2c3d-4bd1-95da-c65c1970b228}</UniqueIdentifier>
    </Filter>
    <Filter Include="EntitySystem\Components\ComponentRenderableObject">
      <UniqueIdentifier>{7f7dea5e-8134-40cc-ad32-cf66ab93171b}</UniqueIdentifier>
    </Filter>
    <Filter Include="EntitySystem\Components\ComponentPhysXMesh">
      <UniqueIdentifier>{b5251dd6-e9f1-484c-b681-42323275fa90}</UniqueIdentifier>
    </Filter>
    <Filter Include="EntitySystem\Components\ComponentIAWalkToPlayer">
      <UniqueIdentifier>{6217f4e8-cc45-4ca5-a7bd-853b47b854ef}</UniqueIdentifier>
    </Filter>
    <Filter Include="EntitySystem\GameEntity">
      <UniqueIdentifier>{2819fc5f-6384-412c-8068-8524ed25ce86}</UniqueIdentifier>
    </Filter>
    <Filter Include="EntitySystem\EntitiesToLua">
      <UniqueIdentifier>{604b0f2e-e76d-4658-9d99-b2c40b51ab51}</UniqueIdentifier>
    </Filter>
    <Filter Include="EntitySystem\Components\ComponentPhysXActor">
      <UniqueIdentifier>{a472c37a-cd85-40a9-a921-3bdd53371dea}</UniqueIdentifier>
    </Filter>
    <Filter Include="EntitySystem\Components\ComponentTrigger">
      <UniqueIdentifier>{4960b2dd-9849-4cec-b553-9ca9e8c9a774}</UniqueIdentifier>
    </Filter>
    <Filter Include="EntitySystem\PhysXTriggerEntityController">
      <UniqueIdentifier>{6e93f928-016e-4dd3-b175-8e254b892348}</UniqueIdentifier>
    </Filter>
  </ItemGroup>
  <ItemGroup>
    <ClCompile Include="GameObject.cpp">
      <Filter>GameObject</Filter>
    </ClCompile>
    <ClCompile Include="GameObjectManager.cpp">
      <Filter>GameObject</Filter>
    </ClCompile>
    <ClCompile Include="ComponentPhysXController.cpp">
      <Filter>EntitySystem\Components\ComponentPhysXController</Filter>
    </ClCompile>
    <ClCompile Include="ScriptedStateMachine.cpp">
      <Filter>ScriptedStateMachine</Filter>
    </ClCompile>
    <ClCompile Include="SparseGraph.cpp">
      <Filter>Grafs</Filter>
    </ClCompile>
    <ClCompile Include="GraphDefines.cpp">
      <Filter>Grafs</Filter>
    </ClCompile>
    <ClCompile Include="SearchAStar.cpp">
      <Filter>A%2a</Filter>
    </ClCompile>
    <ClCompile Include="Heuristics.cpp">
      <Filter>A%2a</Filter>
    </ClCompile>
    <ClCompile Include="ComponentPlayerController.cpp">
      <Filter>EntitySystem\Components\ComponentPlayerController</Filter>
    </ClCompile>
    <ClCompile Include="Component3rdPSCamera.cpp">
      <Filter>EntitySystem\Components\Component3rdPSCamera</Filter>
    </ClCompile>
    <ClCompile Include="BaseComponent.cpp">
      <Filter>EntitySystem\Components</Filter>
    </ClCompile>
    <ClCompile Include="EntityManager.cpp">
      <Filter>EntitySystem\EntityManager</Filter>
    </ClCompile>
    <ClCompile Include="ComponentPhysXBox.cpp">
      <Filter>EntitySystem\Components\ComponentPhysXBox</Filter>
    </ClCompile>
    <ClCompile Include="ComponentMovement.cpp">
      <Filter>EntitySystem\Components\ComponentMovement</Filter>
    </ClCompile>
    <ClCompile Include="ComponentRenderableObject.cpp">
      <Filter>EntitySystem\Components\ComponentRenderableObject</Filter>
    </ClCompile>
    <ClCompile Include="ComponentPhysXMesh.cpp">
      <Filter>EntitySystem\Components\ComponentPhysXMesh</Filter>
    </ClCompile>
    <ClCompile Include="ComponentIAWalkToPlayer.cpp">
      <Filter>EntitySystem\Components\ComponentIAWalkToPlayer</Filter>
    </ClCompile>
    <ClCompile Include="GameEntity.cpp">
      <Filter>EntitySystem\GameEntity</Filter>
    </ClCompile>
    <ClCompile Include="EntitiesToLua.cpp">
      <Filter>EntitySystem\EntitiesToLua</Filter>
    </ClCompile>
    <ClCompile Include="EntityLoader.cpp">
      <Filter>EntitySystem</Filter>
    </ClCompile>
    <ClCompile Include="ComponentPhysXActor.cpp">
      <Filter>EntitySystem\Components\ComponentPhysXActor</Filter>
    </ClCompile>
    <ClCompile Include="ComponentTrigger.cpp">
      <Filter>EntitySystem\Components\ComponentTrigger</Filter>
    </ClCompile>
    <ClCompile Include="PhysXTriggerEntityController.cpp">
      <Filter>EntitySystem\PhysXTriggerEntityController</Filter>
    </ClCompile>
  </ItemGroup>
  <ItemGroup>
    <ClInclude Include="include\GameObject.h">
      <Filter>GameObject</Filter>
    </ClInclude>
    <ClInclude Include="include\GameObjectManager.h">
      <Filter>GameObject</Filter>
    </ClInclude>
    <ClInclude Include="include\ScriptedStateMachine.h">
      <Filter>ScriptedStateMachine</Filter>
    </ClInclude>
    <ClInclude Include="include\EntityDefines.h">
      <Filter>EntitySystem</Filter>
    </ClInclude>
    <ClInclude Include="include\ComponentObject3D.h">
      <Filter>EntitySystem\Components\ComponentObject3D</Filter>
    </ClInclude>
    <ClInclude Include="include\ComponentPhysXController.h">
      <Filter>EntitySystem\Components\ComponentPhysXController</Filter>
    </ClInclude>
    <ClInclude Include="include\GraphNode.h">
      <Filter>Grafs</Filter>
    </ClInclude>
    <ClInclude Include="include\GraphDefines.h">
      <Filter>Grafs</Filter>
    </ClInclude>
    <ClInclude Include="include\GraphEdge.h">
      <Filter>Grafs</Filter>
    </ClInclude>
    <ClInclude Include="include\SparseGraph.h">
      <Filter>Grafs</Filter>
    </ClInclude>
    <ClInclude Include="include\SearchAStar.h">
      <Filter>A%2a</Filter>
    </ClInclude>
    <ClInclude Include="include\Heuristics.h">
      <Filter>A%2a</Filter>
    </ClInclude>
    <ClInclude Include="include\ComponentPlayerController.h">
      <Filter>EntitySystem\Components\ComponentPlayerController</Filter>
    </ClInclude>
    <ClInclude Include="include\Component3rdPSCamera.h">
      <Filter>EntitySystem\Components\Component3rdPSCamera</Filter>
    </ClInclude>
    <ClInclude Include="include\BaseComponent.h">
      <Filter>EntitySystem\Components</Filter>
    </ClInclude>
    <ClInclude Include="include\EntityManager.h">
      <Filter>EntitySystem\EntityManager</Filter>
    </ClInclude>
    <ClInclude Include="include\ComponentPhysXBox.h">
      <Filter>EntitySystem\Components\ComponentPhysXBox</Filter>
    </ClInclude>
    <ClInclude Include="include\ComponentMovement.h">
      <Filter>EntitySystem\Components\ComponentMovement</Filter>
    </ClInclude>
    <ClInclude Include="include\ComponentRenderableObject.h">
      <Filter>EntitySystem\Components\ComponentRenderableObject</Filter>
    </ClInclude>
    <ClInclude Include="include\ComponentPhysXMesh.h">
      <Filter>EntitySystem\Components\ComponentPhysXMesh</Filter>
    </ClInclude>
    <ClInclude Include="include\ComponentIAWalkToPlayer.h">
      <Filter>EntitySystem\Components\ComponentIAWalkToPlayer</Filter>
    </ClInclude>
    <ClInclude Include="include\GameEntity.h">
      <Filter>EntitySystem\GameEntity</Filter>
    </ClInclude>
    <ClInclude Include="include\EntitiesToLua.h">
      <Filter>EntitySystem\EntitiesToLua</Filter>
    </ClInclude>
    <ClInclude Include="include\ComponentPhysXActor.h">
      <Filter>EntitySystem\Components\ComponentPhysXActor</Filter>
    </ClInclude>
    <ClInclude Include="include\ComponentTrigger.h">
      <Filter>EntitySystem\Components\ComponentTrigger</Filter>
    </ClInclude>
    <ClInclude Include="include\PhysXTriggerEntityController.h">
      <Filter>EntitySystem\PhysXTriggerEntityController</Filter>
    </ClInclude>
  </ItemGroup>
</Project>