<?xml version="1.0" encoding="utf-8"?>
<Project ToolsVersion="4.0" xmlns="http://schemas.microsoft.com/developer/msbuild/2003">
  <ItemGroup>
    <Filter Include="GameObject">
      <UniqueIdentifier>{ee37027d-224a-4da1-90f1-7d6183deccc3}</UniqueIdentifier>
    </Filter>
    <Filter Include="ScriptedStateMachine">
      <UniqueIdentifier>{dce18fb9-8713-45a7-9ed8-7aa372441619}</UniqueIdentifier>
    </Filter>
    <Filter Include="EntitySystem">
      <UniqueIdentifier>{31371ca7-252d-4b80-82a7-15e00a685721}</UniqueIdentifier>
    </Filter>
    <Filter Include="EntitySystem\ComponentObject3D">
      <UniqueIdentifier>{70bb2498-4de9-48c7-8ade-33dc159a33fd}</UniqueIdentifier>
    </Filter>
    <Filter Include="EntitySystem\ComponentPhysXController">
      <UniqueIdentifier>{48735945-4a40-47e9-b996-1336c150102f}</UniqueIdentifier>
    </Filter>
  </ItemGroup>
  <ItemGroup>
    <ClCompile Include="GameObject.cpp">
      <Filter>GameObject</Filter>
    </ClCompile>
    <ClCompile Include="GameObjectManager.cpp">
      <Filter>GameObject</Filter>
    </ClCompile>
    <ClCompile Include="GameEntity.cpp">
      <Filter>EntitySystem</Filter>
    </ClCompile>
    <ClCompile Include="ComponentPhysXController.cpp">
      <Filter>EntitySystem\ComponentPhysXController</Filter>
    </ClCompile>
  </ItemGroup>
  <ItemGroup>
    <ClInclude Include="include\GameObject.h">
      <Filter>GameObject</Filter>
    </ClInclude>
    <ClInclude Include="include\GameObjectManager.h">
      <Filter>GameObject</Filter>
    </ClInclude>
    <ClInclude Include="include\ScriptedStateMachine.h">
      <Filter>ScriptedStateMachine</Filter>
    </ClInclude>
    <ClInclude Include="include\GameEntity.h">
      <Filter>EntitySystem</Filter>
    </ClInclude>
    <ClInclude Include="include\BaseComponent.h">
      <Filter>EntitySystem</Filter>
    </ClInclude>
    <ClInclude Include="include\EntityDefines.h">
      <Filter>EntitySystem</Filter>
    </ClInclude>
    <ClInclude Include="include\ComponentObject3D.h">
      <Filter>EntitySystem\ComponentObject3D</Filter>
    </ClInclude>
    <ClInclude Include="ComponentPhysXController.h">
      <Filter>EntitySystem\ComponentPhysXController</Filter>
    </ClInclude>
  </ItemGroup>
</Project>